
Microsoft Visual Studio Solution File, Format Version 12.00
# Visual Studio Version 17
VisualStudioVersion = 17.2.32616.157
MinimumVisualStudioVersion = 10.0.40219.1
Project("{2150E333-8FDC-42A3-9474-1A3956D46DE8}") = "Services", "Services", "{4EE86789-B439-4EBC-A1FA-E520CD11A604}"
EndProject
Project("{2150E333-8FDC-42A3-9474-1A3956D46DE8}") = "Catalog", "Catalog", "{1AE5E54A-9AF2-45F3-9D45-8252339660F5}"
EndProject
Project("{FAE04EC0-301F-11D3-BF4B-00C04F79EFBC}") = "Catalog.API", "Services\Catalog\Catalog.API\Catalog.API.csproj", "{AFFE9A6A-AF5D-43E9-B4E1-A2127CEBEB98}"
EndProject
Project("{E53339B2-1760-4266-BCC7-CA923CBCF16C}") = "docker-compose", "docker-compose.dcproj", "{BC4A7F28-7747-46C5-B9D5-9F4998CA43F6}"
EndProject
Global
	GlobalSection(SolutionConfigurationPlatforms) = preSolution
		Debug|Any CPU = Debug|Any CPU
		Release|Any CPU = Release|Any CPU
	EndGlobalSection
	GlobalSection(ProjectConfigurationPlatforms) = postSolution
		{AFFE9A6A-AF5D-43E9-B4E1-A2127CEBEB98}.Debug|Any CPU.ActiveCfg = Debug|Any CPU
		{AFFE9A6A-AF5D-43E9-B4E1-A2127CEBEB98}.Debug|Any CPU.Build.0 = Debug|Any CPU
		{AFFE9A6A-AF5D-43E9-B4E1-A2127CEBEB98}.Release|Any CPU.ActiveCfg = Release|Any CPU
		{AFFE9A6A-AF5D-43E9-B4E1-A2127CEBEB98}.Release|Any CPU.Build.0 = Release|Any CPU
		{BC4A7F28-7747-46C5-B9D5-9F4998CA43F6}.Debug|Any CPU.ActiveCfg = Debug|Any CPU
		{BC4A7F28-7747-46C5-B9D5-9F4998CA43F6}.Debug|Any CPU.Build.0 = Debug|Any CPU
		{BC4A7F28-7747-46C5-B9D5-9F4998CA43F6}.Release|Any CPU.ActiveCfg = Release|Any CPU
		{BC4A7F28-7747-46C5-B9D5-9F4998CA43F6}.Release|Any CPU.Build.0 = Release|Any CPU
	EndGlobalSection
	GlobalSection(SolutionProperties) = preSolution
		HideSolutionNode = FALSE
	EndGlobalSection
	GlobalSection(NestedProjects) = preSolution
		{1AE5E54A-9AF2-45F3-9D45-8252339660F5} = {4EE86789-B439-4EBC-A1FA-E520CD11A604}
		{AFFE9A6A-AF5D-43E9-B4E1-A2127CEBEB98} = {1AE5E54A-9AF2-45F3-9D45-8252339660F5}
	EndGlobalSection
	GlobalSection(ExtensibilityGlobals) = postSolution
		SolutionGuid = {414AEAC5-2D45-4C39-8735-DBDEEC0962E4}
	EndGlobalSection
EndGlobal
